// !$*UTF8*$!
{
	archiveVersion = 1;
	classes = {
	};
	objectVersion = 46;
	objects = {

/* Begin PBXBuildFile section */
		88130F2313A8A32E000CBFBC /* Foundation.framework in Frameworks */ = {isa = PBXBuildFile; fileRef = 88130F2213A8A32E000CBFBC /* Foundation.framework */; };
		883D468E13A8D51E0095FFB8 /* SenTestingKit.framework in Frameworks */ = {isa = PBXBuildFile; fileRef = 883D468D13A8D51E0095FFB8 /* SenTestingKit.framework */; settings = {ATTRIBUTES = (Required, ); }; };
		883D469013A8D51E0095FFB8 /* UIKit.framework in Frameworks */ = {isa = PBXBuildFile; fileRef = 883D468F13A8D51E0095FFB8 /* UIKit.framework */; };
		883D469113A8D51E0095FFB8 /* Foundation.framework in Frameworks */ = {isa = PBXBuildFile; fileRef = 88130F2213A8A32E000CBFBC /* Foundation.framework */; };
		883D469313A8D51E0095FFB8 /* CoreGraphics.framework in Frameworks */ = {isa = PBXBuildFile; fileRef = 883D469213A8D51E0095FFB8 /* CoreGraphics.framework */; };
		883D469913A8D51E0095FFB8 /* InfoPlist.strings in Resources */ = {isa = PBXBuildFile; fileRef = 883D469713A8D51E0095FFB8 /* InfoPlist.strings */; };
		883D46A413A8D5D60095FFB8 /* Option.h in Headers */ = {isa = PBXBuildFile; fileRef = 883D46A213A8D5D60095FFB8 /* Option.h */; };
		883D46A513A8D5D60095FFB8 /* Option.m in Sources */ = {isa = PBXBuildFile; fileRef = 883D46A313A8D5D60095FFB8 /* Option.m */; };
		883D46A613A8D5D60095FFB8 /* Option.m in Sources */ = {isa = PBXBuildFile; fileRef = 883D46A313A8D5D60095FFB8 /* Option.m */; };
		883D46A913A8D7BF0095FFB8 /* OptionTests.m in Sources */ = {isa = PBXBuildFile; fileRef = 883D46A813A8D7BF0095FFB8 /* OptionTests.m */; };
		8866B07A13C524B700E9A929 /* PageViewController.m in Sources */ = {isa = PBXBuildFile; fileRef = 8866B07613C524B600E9A929 /* PageViewController.m */; };
		8866B07B13C524B700E9A929 /* PageViewController.h in Headers */ = {isa = PBXBuildFile; fileRef = 8866B07713C524B600E9A929 /* PageViewController.h */; };
		8866B07C13C524B700E9A929 /* QuestionaireController.h in Headers */ = {isa = PBXBuildFile; fileRef = 8866B07813C524B700E9A929 /* QuestionaireController.h */; };
		8866B07D13C524B700E9A929 /* QuestionaireController.m in Sources */ = {isa = PBXBuildFile; fileRef = 8866B07913C524B700E9A929 /* QuestionaireController.m */; };
		8887E6CC13C32BC8006A51F3 /* DrillDownQuestion.h in Headers */ = {isa = PBXBuildFile; fileRef = 8887E6CA13C32BC8006A51F3 /* DrillDownQuestion.h */; };
		8887E6CD13C32BC8006A51F3 /* DrillDownQuestion.m in Sources */ = {isa = PBXBuildFile; fileRef = 8887E6CB13C32BC8006A51F3 /* DrillDownQuestion.m */; };
		8887E6CE13C32BC8006A51F3 /* DrillDownQuestion.m in Sources */ = {isa = PBXBuildFile; fileRef = 8887E6CB13C32BC8006A51F3 /* DrillDownQuestion.m */; };
		88AC521213C1C8C200221B07 /* PageTests.m in Sources */ = {isa = PBXBuildFile; fileRef = 88AC521113C1C8C200221B07 /* PageTests.m */; };
		88AC521513C1CF7B00221B07 /* SingleChoiceQuestion.h in Headers */ = {isa = PBXBuildFile; fileRef = 88AC521313C1CF7A00221B07 /* SingleChoiceQuestion.h */; };
		88AC521613C1CF7B00221B07 /* SingleChoiceQuestion.m in Sources */ = {isa = PBXBuildFile; fileRef = 88AC521413C1CF7B00221B07 /* SingleChoiceQuestion.m */; };
		88AC521713C1CF7B00221B07 /* SingleChoiceQuestion.m in Sources */ = {isa = PBXBuildFile; fileRef = 88AC521413C1CF7B00221B07 /* SingleChoiceQuestion.m */; };
		88B7AA2013A8DE9D001EAA21 /* Question.h in Headers */ = {isa = PBXBuildFile; fileRef = 88B7AA1E13A8DE9D001EAA21 /* Question.h */; };
		88B7AA2113A8DE9D001EAA21 /* Question.m in Sources */ = {isa = PBXBuildFile; fileRef = 88B7AA1F13A8DE9D001EAA21 /* Question.m */; };
		88B7AA2213A8DE9D001EAA21 /* Question.m in Sources */ = {isa = PBXBuildFile; fileRef = 88B7AA1F13A8DE9D001EAA21 /* Question.m */; };
		88B7AA2513A8DFE5001EAA21 /* QuestionTests.m in Sources */ = {isa = PBXBuildFile; fileRef = 88B7AA2413A8DFE5001EAA21 /* QuestionTests.m */; };
		88B7AA2D13A8E430001EAA21 /* MultipleChoiceQuestion.h in Headers */ = {isa = PBXBuildFile; fileRef = 88B7AA2B13A8E430001EAA21 /* MultipleChoiceQuestion.h */; };
		88B7AA2E13A8E430001EAA21 /* MultipleChoiceQuestion.m in Sources */ = {isa = PBXBuildFile; fileRef = 88B7AA2C13A8E430001EAA21 /* MultipleChoiceQuestion.m */; };
		88B7AA2F13A8E430001EAA21 /* MultipleChoiceQuestion.m in Sources */ = {isa = PBXBuildFile; fileRef = 88B7AA2C13A8E430001EAA21 /* MultipleChoiceQuestion.m */; };
		88B7AA3213A8F71E001EAA21 /* Page.h in Headers */ = {isa = PBXBuildFile; fileRef = 88B7AA3013A8F71E001EAA21 /* Page.h */; };
		88B7AA3313A8F71E001EAA21 /* Page.m in Sources */ = {isa = PBXBuildFile; fileRef = 88B7AA3113A8F71E001EAA21 /* Page.m */; };
		88B7AA3413A8F71E001EAA21 /* Page.m in Sources */ = {isa = PBXBuildFile; fileRef = 88B7AA3113A8F71E001EAA21 /* Page.m */; };
		88B7AA3713A8F74A001EAA21 /* Questionaire.h in Headers */ = {isa = PBXBuildFile; fileRef = 88B7AA3513A8F74A001EAA21 /* Questionaire.h */; };
		88B7AA3813A8F74A001EAA21 /* Questionaire.m in Sources */ = {isa = PBXBuildFile; fileRef = 88B7AA3613A8F74A001EAA21 /* Questionaire.m */; };
		88B7AA3913A8F74A001EAA21 /* Questionaire.m in Sources */ = {isa = PBXBuildFile; fileRef = 88B7AA3613A8F74A001EAA21 /* Questionaire.m */; };
		88B7AA3C13A8F9AC001EAA21 /* QuestionaireTests.m in Sources */ = {isa = PBXBuildFile; fileRef = 88B7AA3B13A8F9AC001EAA21 /* QuestionaireTests.m */; };
/* End PBXBuildFile section */

/* Begin PBXContainerItemProxy section */
		88AC520E13C1C5E000221B07 /* PBXContainerItemProxy */ = {
			isa = PBXContainerItemProxy;
			containerPortal = 88130F1613A8A32D000CBFBC /* Project object */;
			proxyType = 1;
			remoteGlobalIDString = 883D468B13A8D51E0095FFB8;
			remoteInfo = Tests;
		};
/* End PBXContainerItemProxy section */

/* Begin PBXFileReference section */
		88130F1F13A8A32E000CBFBC /* libIQuestionaire.a */ = {isa = PBXFileReference; explicitFileType = archive.ar; includeInIndex = 0; path = libIQuestionaire.a; sourceTree = BUILT_PRODUCTS_DIR; };
		88130F2213A8A32E000CBFBC /* Foundation.framework */ = {isa = PBXFileReference; lastKnownFileType = wrapper.framework; name = Foundation.framework; path = System/Library/Frameworks/Foundation.framework; sourceTree = SDKROOT; };
		883D468C13A8D51E0095FFB8 /* Tests.octest */ = {isa = PBXFileReference; explicitFileType = wrapper.cfbundle; includeInIndex = 0; path = Tests.octest; sourceTree = BUILT_PRODUCTS_DIR; };
		883D468D13A8D51E0095FFB8 /* SenTestingKit.framework */ = {isa = PBXFileReference; lastKnownFileType = wrapper.framework; name = SenTestingKit.framework; path = Library/Frameworks/SenTestingKit.framework; sourceTree = DEVELOPER_DIR; };
		883D468F13A8D51E0095FFB8 /* UIKit.framework */ = {isa = PBXFileReference; lastKnownFileType = wrapper.framework; name = UIKit.framework; path = Library/Frameworks/UIKit.framework; sourceTree = DEVELOPER_DIR; };
		883D469213A8D51E0095FFB8 /* CoreGraphics.framework */ = {isa = PBXFileReference; lastKnownFileType = wrapper.framework; name = CoreGraphics.framework; path = Library/Frameworks/CoreGraphics.framework; sourceTree = DEVELOPER_DIR; };
		883D469613A8D51E0095FFB8 /* Tests-Info.plist */ = {isa = PBXFileReference; lastKnownFileType = text.plist.xml; path = "Tests-Info.plist"; sourceTree = "<group>"; };
		883D469813A8D51E0095FFB8 /* en */ = {isa = PBXFileReference; lastKnownFileType = text.plist.strings; name = en; path = en.lproj/InfoPlist.strings; sourceTree = "<group>"; };
		883D469E13A8D51E0095FFB8 /* Tests-Prefix.pch */ = {isa = PBXFileReference; lastKnownFileType = sourcecode.c.h; path = "Tests-Prefix.pch"; sourceTree = "<group>"; };
		883D46A213A8D5D60095FFB8 /* Option.h */ = {isa = PBXFileReference; fileEncoding = 4; lastKnownFileType = sourcecode.c.h; path = Option.h; sourceTree = "<group>"; };
		883D46A313A8D5D60095FFB8 /* Option.m */ = {isa = PBXFileReference; fileEncoding = 4; lastKnownFileType = sourcecode.c.objc; path = Option.m; sourceTree = "<group>"; };
		883D46A813A8D7BF0095FFB8 /* OptionTests.m */ = {isa = PBXFileReference; fileEncoding = 4; lastKnownFileType = sourcecode.c.objc; path = OptionTests.m; sourceTree = "<group>"; };
		8866B07613C524B600E9A929 /* PageViewController.m */ = {isa = PBXFileReference; fileEncoding = 4; lastKnownFileType = sourcecode.c.objc; path = PageViewController.m; sourceTree = "<group>"; };
		8866B07713C524B600E9A929 /* PageViewController.h */ = {isa = PBXFileReference; fileEncoding = 4; lastKnownFileType = sourcecode.c.h; path = PageViewController.h; sourceTree = "<group>"; };
		8866B07813C524B700E9A929 /* QuestionaireController.h */ = {isa = PBXFileReference; fileEncoding = 4; lastKnownFileType = sourcecode.c.h; path = QuestionaireController.h; sourceTree = "<group>"; };
		8866B07913C524B700E9A929 /* QuestionaireController.m */ = {isa = PBXFileReference; fileEncoding = 4; lastKnownFileType = sourcecode.c.objc; path = QuestionaireController.m; sourceTree = "<group>"; };
		8887E6CA13C32BC8006A51F3 /* DrillDownQuestion.h */ = {isa = PBXFileReference; fileEncoding = 4; lastKnownFileType = sourcecode.c.h; path = DrillDownQuestion.h; sourceTree = "<group>"; };
		8887E6CB13C32BC8006A51F3 /* DrillDownQuestion.m */ = {isa = PBXFileReference; fileEncoding = 4; lastKnownFileType = sourcecode.c.objc; path = DrillDownQuestion.m; sourceTree = "<group>"; };
		88AC521113C1C8C200221B07 /* PageTests.m */ = {isa = PBXFileReference; fileEncoding = 4; lastKnownFileType = sourcecode.c.objc; path = PageTests.m; sourceTree = "<group>"; };
		88AC521313C1CF7A00221B07 /* SingleChoiceQuestion.h */ = {isa = PBXFileReference; fileEncoding = 4; lastKnownFileType = sourcecode.c.h; path = SingleChoiceQuestion.h; sourceTree = "<group>"; };
		88AC521413C1CF7B00221B07 /* SingleChoiceQuestion.m */ = {isa = PBXFileReference; fileEncoding = 4; lastKnownFileType = sourcecode.c.objc; path = SingleChoiceQuestion.m; sourceTree = "<group>"; };
		88B7AA1E13A8DE9D001EAA21 /* Question.h */ = {isa = PBXFileReference; fileEncoding = 4; lastKnownFileType = sourcecode.c.h; path = Question.h; sourceTree = "<group>"; };
		88B7AA1F13A8DE9D001EAA21 /* Question.m */ = {isa = PBXFileReference; fileEncoding = 4; lastKnownFileType = sourcecode.c.objc; path = Question.m; sourceTree = "<group>"; };
		88B7AA2413A8DFE5001EAA21 /* QuestionTests.m */ = {isa = PBXFileReference; fileEncoding = 4; lastKnownFileType = sourcecode.c.objc; path = QuestionTests.m; sourceTree = "<group>"; };
		88B7AA2B13A8E430001EAA21 /* MultipleChoiceQuestion.h */ = {isa = PBXFileReference; fileEncoding = 4; lastKnownFileType = sourcecode.c.h; path = MultipleChoiceQuestion.h; sourceTree = "<group>"; };
		88B7AA2C13A8E430001EAA21 /* MultipleChoiceQuestion.m */ = {isa = PBXFileReference; fileEncoding = 4; lastKnownFileType = sourcecode.c.objc; path = MultipleChoiceQuestion.m; sourceTree = "<group>"; };
		88B7AA3013A8F71E001EAA21 /* Page.h */ = {isa = PBXFileReference; fileEncoding = 4; lastKnownFileType = sourcecode.c.h; path = Page.h; sourceTree = "<group>"; };
		88B7AA3113A8F71E001EAA21 /* Page.m */ = {isa = PBXFileReference; fileEncoding = 4; lastKnownFileType = sourcecode.c.objc; path = Page.m; sourceTree = "<group>"; };
		88B7AA3513A8F74A001EAA21 /* Questionaire.h */ = {isa = PBXFileReference; fileEncoding = 4; lastKnownFileType = sourcecode.c.h; path = Questionaire.h; sourceTree = "<group>"; };
		88B7AA3613A8F74A001EAA21 /* Questionaire.m */ = {isa = PBXFileReference; fileEncoding = 4; lastKnownFileType = sourcecode.c.objc; path = Questionaire.m; sourceTree = "<group>"; };
		88B7AA3B13A8F9AC001EAA21 /* QuestionaireTests.m */ = {isa = PBXFileReference; fileEncoding = 4; lastKnownFileType = sourcecode.c.objc; path = QuestionaireTests.m; sourceTree = "<group>"; };
/* End PBXFileReference section */

/* Begin PBXFrameworksBuildPhase section */
		88130F1C13A8A32E000CBFBC /* Frameworks */ = {
			isa = PBXFrameworksBuildPhase;
			buildActionMask = 2147483647;
			files = (
				88130F2313A8A32E000CBFBC /* Foundation.framework in Frameworks */,
			);
			runOnlyForDeploymentPostprocessing = 0;
		};
		883D468813A8D51E0095FFB8 /* Frameworks */ = {
			isa = PBXFrameworksBuildPhase;
			buildActionMask = 2147483647;
			files = (
				883D468E13A8D51E0095FFB8 /* SenTestingKit.framework in Frameworks */,
				883D469013A8D51E0095FFB8 /* UIKit.framework in Frameworks */,
				883D469113A8D51E0095FFB8 /* Foundation.framework in Frameworks */,
				883D469313A8D51E0095FFB8 /* CoreGraphics.framework in Frameworks */,
			);
			runOnlyForDeploymentPostprocessing = 0;
		};
/* End PBXFrameworksBuildPhase section */

/* Begin PBXGroup section */
		88130F1413A8A32D000CBFBC = {
			isa = PBXGroup;
			children = (
				88130F2C13A8A34E000CBFBC /* Code */,
				883D469413A8D51E0095FFB8 /* Tests */,
				88130F2113A8A32E000CBFBC /* Frameworks */,
				88130F2013A8A32E000CBFBC /* Products */,
			);
			sourceTree = "<group>";
		};
		88130F2013A8A32E000CBFBC /* Products */ = {
			isa = PBXGroup;
			children = (
				88130F1F13A8A32E000CBFBC /* libIQuestionaire.a */,
				883D468C13A8D51E0095FFB8 /* Tests.octest */,
			);
			name = Products;
			sourceTree = "<group>";
		};
		88130F2113A8A32E000CBFBC /* Frameworks */ = {
			isa = PBXGroup;
			children = (
				88130F2213A8A32E000CBFBC /* Foundation.framework */,
				883D468D13A8D51E0095FFB8 /* SenTestingKit.framework */,
				883D468F13A8D51E0095FFB8 /* UIKit.framework */,
				883D469213A8D51E0095FFB8 /* CoreGraphics.framework */,
			);
			name = Frameworks;
			sourceTree = "<group>";
		};
		88130F2C13A8A34E000CBFBC /* Code */ = {
			isa = PBXGroup;
			children = (
				8866B07613C524B600E9A929 /* PageViewController.m */,
				8866B07713C524B600E9A929 /* PageViewController.h */,
				8866B07813C524B700E9A929 /* QuestionaireController.h */,
				8866B07913C524B700E9A929 /* QuestionaireController.m */,
				88B7AA3513A8F74A001EAA21 /* Questionaire.h */,
				88B7AA3613A8F74A001EAA21 /* Questionaire.m */,
				88B7AA3013A8F71E001EAA21 /* Page.h */,
				88B7AA3113A8F71E001EAA21 /* Page.m */,
				88B7AA1E13A8DE9D001EAA21 /* Question.h */,
				88B7AA1F13A8DE9D001EAA21 /* Question.m */,
				88AC521313C1CF7A00221B07 /* SingleChoiceQuestion.h */,
				88AC521413C1CF7B00221B07 /* SingleChoiceQuestion.m */,
				88B7AA2B13A8E430001EAA21 /* MultipleChoiceQuestion.h */,
				88B7AA2C13A8E430001EAA21 /* MultipleChoiceQuestion.m */,
				8887E6CA13C32BC8006A51F3 /* DrillDownQuestion.h */,
				8887E6CB13C32BC8006A51F3 /* DrillDownQuestion.m */,
				883D46A213A8D5D60095FFB8 /* Option.h */,
				883D46A313A8D5D60095FFB8 /* Option.m */,
			);
			path = Code;
			sourceTree = "<group>";
		};
		883D469413A8D51E0095FFB8 /* Tests */ = {
			isa = PBXGroup;
			children = (
				883D469513A8D51E0095FFB8 /* Supporting Files */,
				883D46A813A8D7BF0095FFB8 /* OptionTests.m */,
				88B7AA2413A8DFE5001EAA21 /* QuestionTests.m */,
				88AC521113C1C8C200221B07 /* PageTests.m */,
				88B7AA3B13A8F9AC001EAA21 /* QuestionaireTests.m */,
			);
			path = Tests;
			sourceTree = "<group>";
		};
		883D469513A8D51E0095FFB8 /* Supporting Files */ = {
			isa = PBXGroup;
			children = (
				883D469613A8D51E0095FFB8 /* Tests-Info.plist */,
				883D469713A8D51E0095FFB8 /* InfoPlist.strings */,
				883D469E13A8D51E0095FFB8 /* Tests-Prefix.pch */,
			);
			name = "Supporting Files";
			sourceTree = "<group>";
		};
/* End PBXGroup section */

/* Begin PBXHeadersBuildPhase section */
		88130F1D13A8A32E000CBFBC /* Headers */ = {
			isa = PBXHeadersBuildPhase;
			buildActionMask = 2147483647;
			files = (
				883D46A413A8D5D60095FFB8 /* Option.h in Headers */,
				88B7AA2013A8DE9D001EAA21 /* Question.h in Headers */,
				88B7AA2D13A8E430001EAA21 /* MultipleChoiceQuestion.h in Headers */,
				88B7AA3213A8F71E001EAA21 /* Page.h in Headers */,
				88B7AA3713A8F74A001EAA21 /* Questionaire.h in Headers */,
				88AC521513C1CF7B00221B07 /* SingleChoiceQuestion.h in Headers */,
				8887E6CC13C32BC8006A51F3 /* DrillDownQuestion.h in Headers */,
				8866B07B13C524B700E9A929 /* PageViewController.h in Headers */,
				8866B07C13C524B700E9A929 /* QuestionaireController.h in Headers */,
			);
			runOnlyForDeploymentPostprocessing = 0;
		};
/* End PBXHeadersBuildPhase section */

/* Begin PBXNativeTarget section */
		88130F1E13A8A32E000CBFBC /* IQuestionaire */ = {
			isa = PBXNativeTarget;
			buildConfigurationList = 88130F2913A8A32E000CBFBC /* Build configuration list for PBXNativeTarget "IQuestionaire" */;
			buildPhases = (
				88130F1B13A8A32E000CBFBC /* Sources */,
				88130F1C13A8A32E000CBFBC /* Frameworks */,
				88130F1D13A8A32E000CBFBC /* Headers */,
			);
			buildRules = (
			);
			dependencies = (
				88AC520F13C1C5E000221B07 /* PBXTargetDependency */,
			);
			name = IQuestionaire;
			productName = IQuestionaire;
			productReference = 88130F1F13A8A32E000CBFBC /* libIQuestionaire.a */;
			productType = "com.apple.product-type.library.static";
		};
		883D468B13A8D51E0095FFB8 /* Tests */ = {
			isa = PBXNativeTarget;
			buildConfigurationList = 883D469F13A8D51E0095FFB8 /* Build configuration list for PBXNativeTarget "Tests" */;
			buildPhases = (
				883D468713A8D51E0095FFB8 /* Sources */,
				883D468813A8D51E0095FFB8 /* Frameworks */,
				883D468913A8D51E0095FFB8 /* Resources */,
				883D468A13A8D51E0095FFB8 /* ShellScript */,
			);
			buildRules = (
			);
			dependencies = (
			);
			name = Tests;
			productName = Tests;
			productReference = 883D468C13A8D51E0095FFB8 /* Tests.octest */;
			productType = "com.apple.product-type.bundle";
		};
/* End PBXNativeTarget section */

/* Begin PBXProject section */
		88130F1613A8A32D000CBFBC /* Project object */ = {
			isa = PBXProject;
			attributes = {
				ORGANIZATIONNAME = itemis;
			};
			buildConfigurationList = 88130F1913A8A32D000CBFBC /* Build configuration list for PBXProject "IQuestionaire" */;
			compatibilityVersion = "Xcode 3.2";
			developmentRegion = English;
			hasScannedForEncodings = 0;
			knownRegions = (
				en,
			);
			mainGroup = 88130F1413A8A32D000CBFBC;
			productRefGroup = 88130F2013A8A32E000CBFBC /* Products */;
			projectDirPath = "";
			projectRoot = "";
			targets = (
				88130F1E13A8A32E000CBFBC /* IQuestionaire */,
				883D468B13A8D51E0095FFB8 /* Tests */,
			);
		};
/* End PBXProject section */

/* Begin PBXResourcesBuildPhase section */
		883D468913A8D51E0095FFB8 /* Resources */ = {
			isa = PBXResourcesBuildPhase;
			buildActionMask = 2147483647;
			files = (
				883D469913A8D51E0095FFB8 /* InfoPlist.strings in Resources */,
			);
			runOnlyForDeploymentPostprocessing = 0;
		};
/* End PBXResourcesBuildPhase section */

/* Begin PBXShellScriptBuildPhase section */
		883D468A13A8D51E0095FFB8 /* ShellScript */ = {
			isa = PBXShellScriptBuildPhase;
			buildActionMask = 2147483647;
			files = (
			);
			inputPaths = (
			);
			outputPaths = (
			);
			runOnlyForDeploymentPostprocessing = 0;
			shellPath = /bin/sh;
			shellScript = "# Run the unit tests in this test bundle.\n\"${SYSTEM_DEVELOPER_DIR}/Tools/RunUnitTests\"\n";
		};
/* End PBXShellScriptBuildPhase section */

/* Begin PBXSourcesBuildPhase section */
		88130F1B13A8A32E000CBFBC /* Sources */ = {
			isa = PBXSourcesBuildPhase;
			buildActionMask = 2147483647;
			files = (
				883D46A513A8D5D60095FFB8 /* Option.m in Sources */,
				88B7AA2113A8DE9D001EAA21 /* Question.m in Sources */,
				88B7AA2E13A8E430001EAA21 /* MultipleChoiceQuestion.m in Sources */,
				88B7AA3313A8F71E001EAA21 /* Page.m in Sources */,
				88B7AA3813A8F74A001EAA21 /* Questionaire.m in Sources */,
				88AC521613C1CF7B00221B07 /* SingleChoiceQuestion.m in Sources */,
				8887E6CD13C32BC8006A51F3 /* DrillDownQuestion.m in Sources */,
				8866B07A13C524B700E9A929 /* PageViewController.m in Sources */,
				8866B07D13C524B700E9A929 /* QuestionaireController.m in Sources */,
			);
			runOnlyForDeploymentPostprocessing = 0;
		};
		883D468713A8D51E0095FFB8 /* Sources */ = {
			isa = PBXSourcesBuildPhase;
			buildActionMask = 2147483647;
			files = (
				883D46A613A8D5D60095FFB8 /* Option.m in Sources */,
				883D46A913A8D7BF0095FFB8 /* OptionTests.m in Sources */,
				88B7AA2213A8DE9D001EAA21 /* Question.m in Sources */,
				88B7AA2513A8DFE5001EAA21 /* QuestionTests.m in Sources */,
				88B7AA2F13A8E430001EAA21 /* MultipleChoiceQuestion.m in Sources */,
				88B7AA3413A8F71E001EAA21 /* Page.m in Sources */,
				88B7AA3913A8F74A001EAA21 /* Questionaire.m in Sources */,
				88B7AA3C13A8F9AC001EAA21 /* QuestionaireTests.m in Sources */,
				88AC521213C1C8C200221B07 /* PageTests.m in Sources */,
				88AC521713C1CF7B00221B07 /* SingleChoiceQuestion.m in Sources */,
				8887E6CE13C32BC8006A51F3 /* DrillDownQuestion.m in Sources */,
			);
			runOnlyForDeploymentPostprocessing = 0;
		};
/* End PBXSourcesBuildPhase section */

/* Begin PBXTargetDependency section */
		88AC520F13C1C5E000221B07 /* PBXTargetDependency */ = {
			isa = PBXTargetDependency;
			target = 883D468B13A8D51E0095FFB8 /* Tests */;
			targetProxy = 88AC520E13C1C5E000221B07 /* PBXContainerItemProxy */;
		};
/* End PBXTargetDependency section */

/* Begin PBXVariantGroup section */
		883D469713A8D51E0095FFB8 /* InfoPlist.strings */ = {
			isa = PBXVariantGroup;
			children = (
				883D469813A8D51E0095FFB8 /* en */,
			);
			name = InfoPlist.strings;
			sourceTree = "<group>";
		};
/* End PBXVariantGroup section */

/* Begin XCBuildConfiguration section */
		88130F2713A8A32E000CBFBC /* Debug */ = {
			isa = XCBuildConfiguration;
			buildSettings = {
				ALWAYS_SEARCH_USER_PATHS = NO;
				ARCHS = "$(ARCHS_STANDARD_32_BIT)";
				CLANG_ENABLE_OBJC_ARC = NO;
				COPY_PHASE_STRIP = NO;
				GCC_C_LANGUAGE_STANDARD = gnu99;
				GCC_DYNAMIC_NO_PIC = NO;
				GCC_OPTIMIZATION_LEVEL = 0;
				GCC_PREPROCESSOR_DEFINITIONS = (
					"DEBUG=1",
					"$(inherited)",
				);
				GCC_SYMBOLS_PRIVATE_EXTERN = NO;
				GCC_VERSION = com.apple.compilers.llvmgcc42;
				GCC_WARN_ABOUT_MISSING_PROTOTYPES = YES;
				GCC_WARN_ABOUT_RETURN_TYPE = YES;
				GCC_WARN_UNUSED_VARIABLE = YES;
				IPHONEOS_DEPLOYMENT_TARGET = 4.0;
				SDKROOT = iphoneos;
			};
			name = Debug;
		};
		88130F2813A8A32E000CBFBC /* Release */ = {
			isa = XCBuildConfiguration;
			buildSettings = {
				ALWAYS_SEARCH_USER_PATHS = NO;
				ARCHS = "$(ARCHS_STANDARD_32_BIT)";
				CLANG_ENABLE_OBJC_ARC = NO;
				COPY_PHASE_STRIP = YES;
				GCC_C_LANGUAGE_STANDARD = gnu99;
				GCC_VERSION = com.apple.compilers.llvmgcc42;
				GCC_WARN_ABOUT_MISSING_PROTOTYPES = YES;
				GCC_WARN_ABOUT_RETURN_TYPE = YES;
				GCC_WARN_UNUSED_VARIABLE = YES;
				IPHONEOS_DEPLOYMENT_TARGET = 4.0;
				SDKROOT = iphoneos;
				VALIDATE_PRODUCT = YES;
			};
			name = Release;
		};
		88130F2A13A8A32E000CBFBC /* Debug */ = {
			isa = XCBuildConfiguration;
			buildSettings = {
				DSTROOT = /tmp/IQuestionaire.dst;
				GCC_PRECOMPILE_PREFIX_HEADER = YES;
				IPHONEOS_DEPLOYMENT_TARGET = 4.0;
				OTHER_LDFLAGS = "-ObjC";
				PRODUCT_NAME = "$(TARGET_NAME)";
				SKIP_INSTALL = YES;
			};
			name = Debug;
		};
		88130F2B13A8A32E000CBFBC /* Release */ = {
			isa = XCBuildConfiguration;
			buildSettings = {
				DSTROOT = /tmp/IQuestionaire.dst;
				GCC_PRECOMPILE_PREFIX_HEADER = YES;
				IPHONEOS_DEPLOYMENT_TARGET = 4.0;
				OTHER_LDFLAGS = "-ObjC";
				PRODUCT_NAME = "$(TARGET_NAME)";
				SKIP_INSTALL = YES;
			};
			name = Release;
		};
		883D46A013A8D51E0095FFB8 /* Debug */ = {
			isa = XCBuildConfiguration;
			buildSettings = {
				FRAMEWORK_SEARCH_PATHS = (
					"$(SDKROOT)/Developer/Library/Frameworks",
					"$(DEVELOPER_LIBRARY_DIR)/Frameworks",
				);
				GCC_PRECOMPILE_PREFIX_HEADER = YES;
				GCC_PREFIX_HEADER = "Tests/Tests-Prefix.pch";
				INFOPLIST_FILE = "Tests/Tests-Info.plist";
				PRODUCT_NAME = "$(TARGET_NAME)";
				WRAPPER_EXTENSION = octest;
			};
			name = Debug;
		};
		883D46A113A8D51E0095FFB8 /* Release */ = {
			isa = XCBuildConfiguration;
			buildSettings = {
				FRAMEWORK_SEARCH_PATHS = (
					"$(SDKROOT)/Developer/Library/Frameworks",
					"$(DEVELOPER_LIBRARY_DIR)/Frameworks",
				);
				GCC_PRECOMPILE_PREFIX_HEADER = YES;
				GCC_PREFIX_HEADER = "Tests/Tests-Prefix.pch";
				INFOPLIST_FILE = "Tests/Tests-Info.plist";
				PRODUCT_NAME = "$(TARGET_NAME)";
				WRAPPER_EXTENSION = octest;
			};
			name = Release;
		};
/* End XCBuildConfiguration section */

/* Begin XCConfigurationList section */
		88130F1913A8A32D000CBFBC /* Build configuration list for PBXProject "IQuestionaire" */ = {
			isa = XCConfigurationList;
			buildConfigurations = (
				88130F2713A8A32E000CBFBC /* Debug */,
				88130F2813A8A32E000CBFBC /* Release */,
			);
			defaultConfigurationIsVisible = 0;
			defaultConfigurationName = Release;
		};
		88130F2913A8A32E000CBFBC /* Build configuration list for PBXNativeTarget "IQuestionaire" */ = {
			isa = XCConfigurationList;
			buildConfigurations = (
				88130F2A13A8A32E000CBFBC /* Debug */,
				88130F2B13A8A32E000CBFBC /* Release */,
			);
			defaultConfigurationIsVisible = 0;
			defaultConfigurationName = Release;
		};
		883D469F13A8D51E0095FFB8 /* Build configuration list for PBXNativeTarget "Tests" */ = {
			isa = XCConfigurationList;
			buildConfigurations = (
				883D46A013A8D51E0095FFB8 /* Debug */,
				883D46A113A8D51E0095FFB8 /* Release */,
			);
			defaultConfigurationIsVisible = 0;
			defaultConfigurationName = Release;
		};
/* End XCConfigurationList section */
	};
	rootObject = 88130F1613A8A32D000CBFBC /* Project object */;
}
